// !$*UTF8*$!
{
	archiveVersion = 1;
	classes = {
	};
	objectVersion = 46;
	objects = {

/* Begin PBXBuildFile section */
		2EDD8BEC19BAD27800C72D9B /* Foundation.framework in Frameworks */ = {isa = PBXBuildFile; fileRef = 2EDD8BEB19BAD27800C72D9B /* Foundation.framework */; };
		2EDD8BEE19BAD27800C72D9B /* CoreGraphics.framework in Frameworks */ = {isa = PBXBuildFile; fileRef = 2EDD8BED19BAD27800C72D9B /* CoreGraphics.framework */; };
		2EDD8BF019BAD27800C72D9B /* UIKit.framework in Frameworks */ = {isa = PBXBuildFile; fileRef = 2EDD8BEF19BAD27800C72D9B /* UIKit.framework */; };
		2EDD8BF219BAD27800C72D9B /* CoreData.framework in Frameworks */ = {isa = PBXBuildFile; fileRef = 2EDD8BF119BAD27800C72D9B /* CoreData.framework */; };
		2EDD8BF819BAD27800C72D9B /* InfoPlist.strings in Resources */ = {isa = PBXBuildFile; fileRef = 2EDD8BF619BAD27800C72D9B /* InfoPlist.strings */; };
		2EDD8BFA19BAD27800C72D9B /* main.m in Sources */ = {isa = PBXBuildFile; fileRef = 2EDD8BF919BAD27800C72D9B /* main.m */; };
		2EDD8BFE19BAD27800C72D9B /* AppDelegate.m in Sources */ = {isa = PBXBuildFile; fileRef = 2EDD8BFD19BAD27800C72D9B /* AppDelegate.m */; };
		2EDD8C0119BAD27800C72D9B /* TaskManager.xcdatamodeld in Sources */ = {isa = PBXBuildFile; fileRef = 2EDD8BFF19BAD27800C72D9B /* TaskManager.xcdatamodeld */; };
		2EDD8C0319BAD27800C72D9B /* Images.xcassets in Resources */ = {isa = PBXBuildFile; fileRef = 2EDD8C0219BAD27800C72D9B /* Images.xcassets */; };
		2EDD8C0A19BAD27900C72D9B /* XCTest.framework in Frameworks */ = {isa = PBXBuildFile; fileRef = 2EDD8C0919BAD27900C72D9B /* XCTest.framework */; };
		2EDD8C0B19BAD27900C72D9B /* Foundation.framework in Frameworks */ = {isa = PBXBuildFile; fileRef = 2EDD8BEB19BAD27800C72D9B /* Foundation.framework */; };
		2EDD8C0C19BAD27900C72D9B /* UIKit.framework in Frameworks */ = {isa = PBXBuildFile; fileRef = 2EDD8BEF19BAD27800C72D9B /* UIKit.framework */; };
		2EDD8C0D19BAD27900C72D9B /* CoreData.framework in Frameworks */ = {isa = PBXBuildFile; fileRef = 2EDD8BF119BAD27800C72D9B /* CoreData.framework */; };
		2EDD8C1519BAD27900C72D9B /* InfoPlist.strings in Resources */ = {isa = PBXBuildFile; fileRef = 2EDD8C1319BAD27900C72D9B /* InfoPlist.strings */; };
		2EDD8C1719BAD27900C72D9B /* TaskManagerTests.m in Sources */ = {isa = PBXBuildFile; fileRef = 2EDD8C1619BAD27900C72D9B /* TaskManagerTests.m */; };
		2EDD8C2119BAD42F00C72D9B /* Storyboard.storyboard in Resources */ = {isa = PBXBuildFile; fileRef = 2EDD8C2019BAD42F00C72D9B /* Storyboard.storyboard */; };
		2EDD8C2419BAD77D00C72D9B /* TestViewController.m in Sources */ = {isa = PBXBuildFile; fileRef = 2EDD8C2319BAD77D00C72D9B /* TestViewController.m */; };
		2EDD8C2719BB975300C72D9B /* TestTableViewController.m in Sources */ = {isa = PBXBuildFile; fileRef = 2EDD8C2619BB975300C72D9B /* TestTableViewController.m */; };
		2EDD8C2919BBD98B00C72D9B /* QuartzCore.framework in Frameworks */ = {isa = PBXBuildFile; fileRef = 2EDD8C2819BBD98B00C72D9B /* QuartzCore.framework */; };
		2EDD8C2C19BBDD8A00C72D9B /* Bolts.framework in Frameworks */ = {isa = PBXBuildFile; fileRef = 2EDD8C2A19BBDD8A00C72D9B /* Bolts.framework */; };
		2EDD8C2D19BBDD8A00C72D9B /* Parse.framework in Frameworks */ = {isa = PBXBuildFile; fileRef = 2EDD8C2B19BBDD8A00C72D9B /* Parse.framework */; };
		2EDD8C2F19BBDDB200C72D9B /* AudioToolbox.framework in Frameworks */ = {isa = PBXBuildFile; fileRef = 2EDD8C2E19BBDDB200C72D9B /* AudioToolbox.framework */; };
		2EDD8C3119BBDDB800C72D9B /* CFNetwork.framework in Frameworks */ = {isa = PBXBuildFile; fileRef = 2EDD8C3019BBDDB800C72D9B /* CFNetwork.framework */; };
		2EDD8C3319BBDDC700C72D9B /* CoreLocation.framework in Frameworks */ = {isa = PBXBuildFile; fileRef = 2EDD8C3219BBDDC700C72D9B /* CoreLocation.framework */; };
		2EDD8C3519BBDDDD00C72D9B /* libz.dylib in Frameworks */ = {isa = PBXBuildFile; fileRef = 2EDD8C3419BBDDDD00C72D9B /* libz.dylib */; };
		2EDD8C3719BBDDE800C72D9B /* MobileCoreServices.framework in Frameworks */ = {isa = PBXBuildFile; fileRef = 2EDD8C3619BBDDE800C72D9B /* MobileCoreServices.framework */; };
		2EDD8C3919BBDDF500C72D9B /* Security.framework in Frameworks */ = {isa = PBXBuildFile; fileRef = 2EDD8C3819BBDDF500C72D9B /* Security.framework */; };
		2EDD8C3B19BBDE0200C72D9B /* StoreKit.framework in Frameworks */ = {isa = PBXBuildFile; fileRef = 2EDD8C3A19BBDE0200C72D9B /* StoreKit.framework */; };
		2EDD8C3D19BBDE0A00C72D9B /* SystemConfiguration.framework in Frameworks */ = {isa = PBXBuildFile; fileRef = 2EDD8C3C19BBDE0A00C72D9B /* SystemConfiguration.framework */; };
/* End PBXBuildFile section */

/* Begin PBXContainerItemProxy section */
		2EDD8C0E19BAD27900C72D9B /* PBXContainerItemProxy */ = {
			isa = PBXContainerItemProxy;
			containerPortal = 2EDD8BE019BAD27800C72D9B /* Project object */;
			proxyType = 1;
			remoteGlobalIDString = 2EDD8BE719BAD27800C72D9B;
			remoteInfo = TaskManager;
		};
/* End PBXContainerItemProxy section */

/* Begin PBXFileReference section */
		2EDD8BE819BAD27800C72D9B /* TaskManager2.app */ = {isa = PBXFileReference; explicitFileType = wrapper.application; includeInIndex = 0; path = TaskManager2.app; sourceTree = BUILT_PRODUCTS_DIR; };
		2EDD8BEB19BAD27800C72D9B /* Foundation.framework */ = {isa = PBXFileReference; lastKnownFileType = wrapper.framework; name = Foundation.framework; path = System/Library/Frameworks/Foundation.framework; sourceTree = SDKROOT; };
		2EDD8BED19BAD27800C72D9B /* CoreGraphics.framework */ = {isa = PBXFileReference; lastKnownFileType = wrapper.framework; name = CoreGraphics.framework; path = System/Library/Frameworks/CoreGraphics.framework; sourceTree = SDKROOT; };
		2EDD8BEF19BAD27800C72D9B /* UIKit.framework */ = {isa = PBXFileReference; lastKnownFileType = wrapper.framework; name = UIKit.framework; path = System/Library/Frameworks/UIKit.framework; sourceTree = SDKROOT; };
		2EDD8BF119BAD27800C72D9B /* CoreData.framework */ = {isa = PBXFileReference; lastKnownFileType = wrapper.framework; name = CoreData.framework; path = System/Library/Frameworks/CoreData.framework; sourceTree = SDKROOT; };
		2EDD8BF519BAD27800C72D9B /* TaskManager2-Info.plist */ = {isa = PBXFileReference; lastKnownFileType = text.plist.xml; path = "TaskManager2-Info.plist"; sourceTree = "<group>"; };
		2EDD8BF719BAD27800C72D9B /* en */ = {isa = PBXFileReference; lastKnownFileType = text.plist.strings; name = en; path = en.lproj/InfoPlist.strings; sourceTree = "<group>"; };
		2EDD8BF919BAD27800C72D9B /* main.m */ = {isa = PBXFileReference; lastKnownFileType = sourcecode.c.objc; path = main.m; sourceTree = "<group>"; };
		2EDD8BFB19BAD27800C72D9B /* TaskManager2-Prefix.pch */ = {isa = PBXFileReference; lastKnownFileType = sourcecode.c.h; path = "TaskManager2-Prefix.pch"; sourceTree = "<group>"; };
		2EDD8BFC19BAD27800C72D9B /* AppDelegate.h */ = {isa = PBXFileReference; lastKnownFileType = sourcecode.c.h; path = AppDelegate.h; sourceTree = "<group>"; };
		2EDD8BFD19BAD27800C72D9B /* AppDelegate.m */ = {isa = PBXFileReference; lastKnownFileType = sourcecode.c.objc; path = AppDelegate.m; sourceTree = "<group>"; };
		2EDD8C0019BAD27800C72D9B /* TaskManager.xcdatamodel */ = {isa = PBXFileReference; lastKnownFileType = wrapper.xcdatamodel; path = TaskManager.xcdatamodel; sourceTree = "<group>"; };
		2EDD8C0219BAD27800C72D9B /* Images.xcassets */ = {isa = PBXFileReference; lastKnownFileType = folder.assetcatalog; path = Images.xcassets; sourceTree = "<group>"; };
		2EDD8C0819BAD27900C72D9B /* TaskManager2Tests.xctest */ = {isa = PBXFileReference; explicitFileType = wrapper.cfbundle; includeInIndex = 0; path = TaskManager2Tests.xctest; sourceTree = BUILT_PRODUCTS_DIR; };
		2EDD8C0919BAD27900C72D9B /* XCTest.framework */ = {isa = PBXFileReference; lastKnownFileType = wrapper.framework; name = XCTest.framework; path = Library/Frameworks/XCTest.framework; sourceTree = DEVELOPER_DIR; };
		2EDD8C1219BAD27900C72D9B /* TaskManager2Tests-Info.plist */ = {isa = PBXFileReference; lastKnownFileType = text.plist.xml; path = "TaskManager2Tests-Info.plist"; sourceTree = "<group>"; };
		2EDD8C1419BAD27900C72D9B /* en */ = {isa = PBXFileReference; lastKnownFileType = text.plist.strings; name = en; path = en.lproj/InfoPlist.strings; sourceTree = "<group>"; };
		2EDD8C1619BAD27900C72D9B /* TaskManagerTests.m */ = {isa = PBXFileReference; lastKnownFileType = sourcecode.c.objc; path = TaskManagerTests.m; sourceTree = "<group>"; };
		2EDD8C2019BAD42F00C72D9B /* Storyboard.storyboard */ = {isa = PBXFileReference; fileEncoding = 4; lastKnownFileType = file.storyboard; path = Storyboard.storyboard; sourceTree = "<group>"; };
		2EDD8C2219BAD77D00C72D9B /* TestViewController.h */ = {isa = PBXFileReference; fileEncoding = 4; lastKnownFileType = sourcecode.c.h; path = TestViewController.h; sourceTree = "<group>"; };
		2EDD8C2319BAD77D00C72D9B /* TestViewController.m */ = {isa = PBXFileReference; fileEncoding = 4; lastKnownFileType = sourcecode.c.objc; path = TestViewController.m; sourceTree = "<group>"; };
		2EDD8C2519BB975300C72D9B /* TestTableViewController.h */ = {isa = PBXFileReference; fileEncoding = 4; lastKnownFileType = sourcecode.c.h; path = TestTableViewController.h; sourceTree = "<group>"; };
		2EDD8C2619BB975300C72D9B /* TestTableViewController.m */ = {isa = PBXFileReference; fileEncoding = 4; lastKnownFileType = sourcecode.c.objc; path = TestTableViewController.m; sourceTree = "<group>"; };
		2EDD8C2819BBD98B00C72D9B /* QuartzCore.framework */ = {isa = PBXFileReference; lastKnownFileType = wrapper.framework; name = QuartzCore.framework; path = System/Library/Frameworks/QuartzCore.framework; sourceTree = SDKROOT; };
		2EDD8C2A19BBDD8A00C72D9B /* Bolts.framework */ = {isa = PBXFileReference; lastKnownFileType = wrapper.framework; path = Bolts.framework; sourceTree = "<group>"; };
		2EDD8C2B19BBDD8A00C72D9B /* Parse.framework */ = {isa = PBXFileReference; lastKnownFileType = wrapper.framework; path = Parse.framework; sourceTree = "<group>"; };
		2EDD8C2E19BBDDB200C72D9B /* AudioToolbox.framework */ = {isa = PBXFileReference; lastKnownFileType = wrapper.framework; name = AudioToolbox.framework; path = System/Library/Frameworks/AudioToolbox.framework; sourceTree = SDKROOT; };
		2EDD8C3019BBDDB800C72D9B /* CFNetwork.framework */ = {isa = PBXFileReference; lastKnownFileType = wrapper.framework; name = CFNetwork.framework; path = System/Library/Frameworks/CFNetwork.framework; sourceTree = SDKROOT; };
		2EDD8C3219BBDDC700C72D9B /* CoreLocation.framework */ = {isa = PBXFileReference; lastKnownFileType = wrapper.framework; name = CoreLocation.framework; path = System/Library/Frameworks/CoreLocation.framework; sourceTree = SDKROOT; };
		2EDD8C3419BBDDDD00C72D9B /* libz.dylib */ = {isa = PBXFileReference; lastKnownFileType = "compiled.mach-o.dylib"; name = libz.dylib; path = usr/lib/libz.dylib; sourceTree = SDKROOT; };
		2EDD8C3619BBDDE800C72D9B /* MobileCoreServices.framework */ = {isa = PBXFileReference; lastKnownFileType = wrapper.framework; name = MobileCoreServices.framework; path = System/Library/Frameworks/MobileCoreServices.framework; sourceTree = SDKROOT; };
		2EDD8C3819BBDDF500C72D9B /* Security.framework */ = {isa = PBXFileReference; lastKnownFileType = wrapper.framework; name = Security.framework; path = System/Library/Frameworks/Security.framework; sourceTree = SDKROOT; };
		2EDD8C3A19BBDE0200C72D9B /* StoreKit.framework */ = {isa = PBXFileReference; lastKnownFileType = wrapper.framework; name = StoreKit.framework; path = System/Library/Frameworks/StoreKit.framework; sourceTree = SDKROOT; };
		2EDD8C3C19BBDE0A00C72D9B /* SystemConfiguration.framework */ = {isa = PBXFileReference; lastKnownFileType = wrapper.framework; name = SystemConfiguration.framework; path = System/Library/Frameworks/SystemConfiguration.framework; sourceTree = SDKROOT; };
/* End PBXFileReference section */

/* Begin PBXFrameworksBuildPhase section */
		2EDD8BE519BAD27800C72D9B /* Frameworks */ = {
			isa = PBXFrameworksBuildPhase;
			buildActionMask = 2147483647;
			files = (
				2EDD8C3D19BBDE0A00C72D9B /* SystemConfiguration.framework in Frameworks */,
				2EDD8C3B19BBDE0200C72D9B /* StoreKit.framework in Frameworks */,
				2EDD8C3919BBDDF500C72D9B /* Security.framework in Frameworks */,
				2EDD8C3719BBDDE800C72D9B /* MobileCoreServices.framework in Frameworks */,
				2EDD8C3519BBDDDD00C72D9B /* libz.dylib in Frameworks */,
				2EDD8C3319BBDDC700C72D9B /* CoreLocation.framework in Frameworks */,
				2EDD8C3119BBDDB800C72D9B /* CFNetwork.framework in Frameworks */,
				2EDD8C2F19BBDDB200C72D9B /* AudioToolbox.framework in Frameworks */,
				2EDD8C2919BBD98B00C72D9B /* QuartzCore.framework in Frameworks */,
				2EDD8BEE19BAD27800C72D9B /* CoreGraphics.framework in Frameworks */,
				2EDD8BF219BAD27800C72D9B /* CoreData.framework in Frameworks */,
				2EDD8C2D19BBDD8A00C72D9B /* Parse.framework in Frameworks */,
				2EDD8C2C19BBDD8A00C72D9B /* Bolts.framework in Frameworks */,
				2EDD8BF019BAD27800C72D9B /* UIKit.framework in Frameworks */,
				2EDD8BEC19BAD27800C72D9B /* Foundation.framework in Frameworks */,
			);
			runOnlyForDeploymentPostprocessing = 0;
		};
		2EDD8C0519BAD27900C72D9B /* Frameworks */ = {
			isa = PBXFrameworksBuildPhase;
			buildActionMask = 2147483647;
			files = (
				2EDD8C0A19BAD27900C72D9B /* XCTest.framework in Frameworks */,
				2EDD8C0D19BAD27900C72D9B /* CoreData.framework in Frameworks */,
				2EDD8C0C19BAD27900C72D9B /* UIKit.framework in Frameworks */,
				2EDD8C0B19BAD27900C72D9B /* Foundation.framework in Frameworks */,
			);
			runOnlyForDeploymentPostprocessing = 0;
		};
/* End PBXFrameworksBuildPhase section */

/* Begin PBXGroup section */
		2EDD8BDF19BAD27800C72D9B = {
			isa = PBXGroup;
			children = (
				2EDD8C2A19BBDD8A00C72D9B /* Bolts.framework */,
				2EDD8C2B19BBDD8A00C72D9B /* Parse.framework */,
				2EDD8BF319BAD27800C72D9B /* TaskManager */,
				2EDD8C1019BAD27900C72D9B /* TaskManagerTests */,
				2EDD8BEA19BAD27800C72D9B /* Frameworks */,
				2EDD8BE919BAD27800C72D9B /* Products */,
			);
			sourceTree = "<group>";
		};
		2EDD8BE919BAD27800C72D9B /* Products */ = {
			isa = PBXGroup;
			children = (
				2EDD8BE819BAD27800C72D9B /* TaskManager2.app */,
				2EDD8C0819BAD27900C72D9B /* TaskManager2Tests.xctest */,
			);
			name = Products;
			sourceTree = "<group>";
		};
		2EDD8BEA19BAD27800C72D9B /* Frameworks */ = {
			isa = PBXGroup;
			children = (
				2EDD8C3C19BBDE0A00C72D9B /* SystemConfiguration.framework */,
				2EDD8C3A19BBDE0200C72D9B /* StoreKit.framework */,
				2EDD8C3819BBDDF500C72D9B /* Security.framework */,
				2EDD8C3619BBDDE800C72D9B /* MobileCoreServices.framework */,
				2EDD8C3419BBDDDD00C72D9B /* libz.dylib */,
				2EDD8C3219BBDDC700C72D9B /* CoreLocation.framework */,
				2EDD8C3019BBDDB800C72D9B /* CFNetwork.framework */,
				2EDD8C2E19BBDDB200C72D9B /* AudioToolbox.framework */,
				2EDD8C2819BBD98B00C72D9B /* QuartzCore.framework */,
				2EDD8BEB19BAD27800C72D9B /* Foundation.framework */,
				2EDD8BED19BAD27800C72D9B /* CoreGraphics.framework */,
				2EDD8BEF19BAD27800C72D9B /* UIKit.framework */,
				2EDD8BF119BAD27800C72D9B /* CoreData.framework */,
				2EDD8C0919BAD27900C72D9B /* XCTest.framework */,
			);
			name = Frameworks;
			sourceTree = "<group>";
		};
		2EDD8BF319BAD27800C72D9B /* TaskManager */ = {
			isa = PBXGroup;
			children = (
				2EDD8BFC19BAD27800C72D9B /* AppDelegate.h */,
				2EDD8C2019BAD42F00C72D9B /* Storyboard.storyboard */,
				2EDD8BFD19BAD27800C72D9B /* AppDelegate.m */,
				2EDD8C0219BAD27800C72D9B /* Images.xcassets */,
				2EDD8BFF19BAD27800C72D9B /* TaskManager.xcdatamodeld */,
				2EDD8BF419BAD27800C72D9B /* Supporting Files */,
				2EDD8C2219BAD77D00C72D9B /* TestViewController.h */,
				2EDD8C2319BAD77D00C72D9B /* TestViewController.m */,
				2EDD8C2519BB975300C72D9B /* TestTableViewController.h */,
				2EDD8C2619BB975300C72D9B /* TestTableViewController.m */,
			);
			path = TaskManager;
			sourceTree = "<group>";
		};
		2EDD8BF419BAD27800C72D9B /* Supporting Files */ = {
			isa = PBXGroup;
			children = (
				2EDD8BF519BAD27800C72D9B /* TaskManager2-Info.plist */,
				2EDD8BF619BAD27800C72D9B /* InfoPlist.strings */,
				2EDD8BF919BAD27800C72D9B /* main.m */,
				2EDD8BFB19BAD27800C72D9B /* TaskManager2-Prefix.pch */,
			);
			name = "Supporting Files";
			sourceTree = "<group>";
		};
		2EDD8C1019BAD27900C72D9B /* TaskManagerTests */ = {
			isa = PBXGroup;
			children = (
				2EDD8C1619BAD27900C72D9B /* TaskManagerTests.m */,
				2EDD8C1119BAD27900C72D9B /* Supporting Files */,
			);
			path = TaskManagerTests;
			sourceTree = "<group>";
		};
		2EDD8C1119BAD27900C72D9B /* Supporting Files */ = {
			isa = PBXGroup;
			children = (
				2EDD8C1219BAD27900C72D9B /* TaskManager2Tests-Info.plist */,
				2EDD8C1319BAD27900C72D9B /* InfoPlist.strings */,
			);
			name = "Supporting Files";
			sourceTree = "<group>";
		};
/* End PBXGroup section */

/* Begin PBXNativeTarget section */
		2EDD8BE719BAD27800C72D9B /* TaskManager2 */ = {
			isa = PBXNativeTarget;
			buildConfigurationList = 2EDD8C1A19BAD27900C72D9B /* Build configuration list for PBXNativeTarget "TaskManager2" */;
			buildPhases = (
				2EDD8BE419BAD27800C72D9B /* Sources */,
				2EDD8BE519BAD27800C72D9B /* Frameworks */,
				2EDD8BE619BAD27800C72D9B /* Resources */,
			);
			buildRules = (
			);
			dependencies = (
			);
			name = TaskManager2;
			productName = TaskManager;
			productReference = 2EDD8BE819BAD27800C72D9B /* TaskManager2.app */;
			productType = "com.apple.product-type.application";
		};
		2EDD8C0719BAD27900C72D9B /* TaskManager2Tests */ = {
			isa = PBXNativeTarget;
			buildConfigurationList = 2EDD8C1D19BAD27900C72D9B /* Build configuration list for PBXNativeTarget "TaskManager2Tests" */;
			buildPhases = (
				2EDD8C0419BAD27900C72D9B /* Sources */,
				2EDD8C0519BAD27900C72D9B /* Frameworks */,
				2EDD8C0619BAD27900C72D9B /* Resources */,
			);
			buildRules = (
			);
			dependencies = (
				2EDD8C0F19BAD27900C72D9B /* PBXTargetDependency */,
			);
			name = TaskManager2Tests;
			productName = TaskManagerTests;
			productReference = 2EDD8C0819BAD27900C72D9B /* TaskManager2Tests.xctest */;
			productType = "com.apple.product-type.bundle.unit-test";
		};
/* End PBXNativeTarget section */

/* Begin PBXProject section */
		2EDD8BE019BAD27800C72D9B /* Project object */ = {
			isa = PBXProject;
			attributes = {
				LastUpgradeCheck = 0510;
				ORGANIZATIONNAME = Personal;
				TargetAttributes = {
					2EDD8C0719BAD27900C72D9B = {
						TestTargetID = 2EDD8BE719BAD27800C72D9B;
					};
				};
			};
			buildConfigurationList = 2EDD8BE319BAD27800C72D9B /* Build configuration list for PBXProject "TaskManager2" */;
			compatibilityVersion = "Xcode 3.2";
			developmentRegion = English;
			hasScannedForEncodings = 0;
			knownRegions = (
				en,
			);
			mainGroup = 2EDD8BDF19BAD27800C72D9B;
			productRefGroup = 2EDD8BE919BAD27800C72D9B /* Products */;
			projectDirPath = "";
			projectRoot = "";
			targets = (
				2EDD8BE719BAD27800C72D9B /* TaskManager2 */,
				2EDD8C0719BAD27900C72D9B /* TaskManager2Tests */,
			);
		};
/* End PBXProject section */

/* Begin PBXResourcesBuildPhase section */
		2EDD8BE619BAD27800C72D9B /* Resources */ = {
			isa = PBXResourcesBuildPhase;
			buildActionMask = 2147483647;
			files = (
				2EDD8BF819BAD27800C72D9B /* InfoPlist.strings in Resources */,
				2EDD8C0319BAD27800C72D9B /* Images.xcassets in Resources */,
				2EDD8C2119BAD42F00C72D9B /* Storyboard.storyboard in Resources */,
			);
			runOnlyForDeploymentPostprocessing = 0;
		};
		2EDD8C0619BAD27900C72D9B /* Resources */ = {
			isa = PBXResourcesBuildPhase;
			buildActionMask = 2147483647;
			files = (
				2EDD8C1519BAD27900C72D9B /* InfoPlist.strings in Resources */,
			);
			runOnlyForDeploymentPostprocessing = 0;
		};
/* End PBXResourcesBuildPhase section */

/* Begin PBXSourcesBuildPhase section */
		2EDD8BE419BAD27800C72D9B /* Sources */ = {
			isa = PBXSourcesBuildPhase;
			buildActionMask = 2147483647;
			files = (
				2EDD8C0119BAD27800C72D9B /* TaskManager.xcdatamodeld in Sources */,
				2EDD8BFE19BAD27800C72D9B /* AppDelegate.m in Sources */,
				2EDD8C2719BB975300C72D9B /* TestTableViewController.m in Sources */,
				2EDD8C2419BAD77D00C72D9B /* TestViewController.m in Sources */,
				2EDD8BFA19BAD27800C72D9B /* main.m in Sources */,
			);
			runOnlyForDeploymentPostprocessing = 0;
		};
		2EDD8C0419BAD27900C72D9B /* Sources */ = {
			isa = PBXSourcesBuildPhase;
			buildActionMask = 2147483647;
			files = (
				2EDD8C1719BAD27900C72D9B /* TaskManagerTests.m in Sources */,
			);
			runOnlyForDeploymentPostprocessing = 0;
		};
/* End PBXSourcesBuildPhase section */

/* Begin PBXTargetDependency section */
		2EDD8C0F19BAD27900C72D9B /* PBXTargetDependency */ = {
			isa = PBXTargetDependency;
			target = 2EDD8BE719BAD27800C72D9B /* TaskManager2 */;
			targetProxy = 2EDD8C0E19BAD27900C72D9B /* PBXContainerItemProxy */;
		};
/* End PBXTargetDependency section */

/* Begin PBXVariantGroup section */
		2EDD8BF619BAD27800C72D9B /* InfoPlist.strings */ = {
			isa = PBXVariantGroup;
			children = (
				2EDD8BF719BAD27800C72D9B /* en */,
			);
			name = InfoPlist.strings;
			sourceTree = "<group>";
		};
		2EDD8C1319BAD27900C72D9B /* InfoPlist.strings */ = {
			isa = PBXVariantGroup;
			children = (
				2EDD8C1419BAD27900C72D9B /* en */,
			);
			name = InfoPlist.strings;
			sourceTree = "<group>";
		};
/* End PBXVariantGroup section */

/* Begin XCBuildConfiguration section */
		2EDD8C1819BAD27900C72D9B /* Debug */ = {
			isa = XCBuildConfiguration;
			buildSettings = {
				ALWAYS_SEARCH_USER_PATHS = NO;
				CLANG_CXX_LANGUAGE_STANDARD = "gnu++0x";
				CLANG_CXX_LIBRARY = "libc++";
				CLANG_ENABLE_MODULES = YES;
				CLANG_ENABLE_OBJC_ARC = YES;
				CLANG_WARN_BOOL_CONVERSION = YES;
				CLANG_WARN_CONSTANT_CONVERSION = YES;
				CLANG_WARN_DIRECT_OBJC_ISA_USAGE = YES_ERROR;
				CLANG_WARN_EMPTY_BODY = YES;
				CLANG_WARN_ENUM_CONVERSION = YES;
				CLANG_WARN_INT_CONVERSION = YES;
				CLANG_WARN_OBJC_ROOT_CLASS = YES_ERROR;
				CLANG_WARN__DUPLICATE_METHOD_MATCH = YES;
				"CODE_SIGN_IDENTITY[sdk=iphoneos*]" = "iPhone Developer";
				COPY_PHASE_STRIP = NO;
				GCC_C_LANGUAGE_STANDARD = gnu99;
				GCC_DYNAMIC_NO_PIC = NO;
				GCC_OPTIMIZATION_LEVEL = 0;
				GCC_PREPROCESSOR_DEFINITIONS = (
					"DEBUG=1",
					"$(inherited)",
				);
				GCC_SYMBOLS_PRIVATE_EXTERN = NO;
				GCC_WARN_64_TO_32_BIT_CONVERSION = YES;
				GCC_WARN_ABOUT_RETURN_TYPE = YES_ERROR;
				GCC_WARN_UNDECLARED_SELECTOR = YES;
				GCC_WARN_UNINITIALIZED_AUTOS = YES_AGGRESSIVE;
				GCC_WARN_UNUSED_FUNCTION = YES;
				GCC_WARN_UNUSED_VARIABLE = YES;
				IPHONEOS_DEPLOYMENT_TARGET = 7.1;
				ONLY_ACTIVE_ARCH = YES;
				SDKROOT = iphoneos;
				TARGETED_DEVICE_FAMILY = "1,2";
			};
			name = Debug;
		};
		2EDD8C1919BAD27900C72D9B /* Release */ = {
			isa = XCBuildConfiguration;
			buildSettings = {
				ALWAYS_SEARCH_USER_PATHS = NO;
				CLANG_CXX_LANGUAGE_STANDARD = "gnu++0x";
				CLANG_CXX_LIBRARY = "libc++";
				CLANG_ENABLE_MODULES = YES;
				CLANG_ENABLE_OBJC_ARC = YES;
				CLANG_WARN_BOOL_CONVERSION = YES;
				CLANG_WARN_CONSTANT_CONVERSION = YES;
				CLANG_WARN_DIRECT_OBJC_ISA_USAGE = YES_ERROR;
				CLANG_WARN_EMPTY_BODY = YES;
				CLANG_WARN_ENUM_CONVERSION = YES;
				CLANG_WARN_INT_CONVERSION = YES;
				CLANG_WARN_OBJC_ROOT_CLASS = YES_ERROR;
				CLANG_WARN__DUPLICATE_METHOD_MATCH = YES;
				"CODE_SIGN_IDENTITY[sdk=iphoneos*]" = "iPhone Developer";
				COPY_PHASE_STRIP = YES;
				ENABLE_NS_ASSERTIONS = NO;
				GCC_C_LANGUAGE_STANDARD = gnu99;
				GCC_WARN_64_TO_32_BIT_CONVERSION = YES;
				GCC_WARN_ABOUT_RETURN_TYPE = YES_ERROR;
				GCC_WARN_UNDECLARED_SELECTOR = YES;
				GCC_WARN_UNINITIALIZED_AUTOS = YES_AGGRESSIVE;
				GCC_WARN_UNUSED_FUNCTION = YES;
				GCC_WARN_UNUSED_VARIABLE = YES;
				IPHONEOS_DEPLOYMENT_TARGET = 7.1;
				SDKROOT = iphoneos;
				TARGETED_DEVICE_FAMILY = "1,2";
				VALIDATE_PRODUCT = YES;
			};
			name = Release;
		};
		2EDD8C1B19BAD27900C72D9B /* Debug */ = {
			isa = XCBuildConfiguration;
			buildSettings = {
				ASSETCATALOG_COMPILER_APPICON_NAME = AppIcon;
				ASSETCATALOG_COMPILER_LAUNCHIMAGE_NAME = LaunchImage;
				FRAMEWORK_SEARCH_PATHS = (
					"$(inherited)",
					"$(PROJECT_DIR)",
				);
				GCC_PRECOMPILE_PREFIX_HEADER = YES;
				GCC_PREFIX_HEADER = "TaskManager/TaskManager2-Prefix.pch";
				INFOPLIST_FILE = "TaskManager/TaskManager2-Info.plist";
				PRODUCT_NAME = TaskManager2;
				WRAPPER_EXTENSION = app;
			};
			name = Debug;
		};
		2EDD8C1C19BAD27900C72D9B /* Release */ = {
			isa = XCBuildConfiguration;
			buildSettings = {
				ASSETCATALOG_COMPILER_APPICON_NAME = AppIcon;
				ASSETCATALOG_COMPILER_LAUNCHIMAGE_NAME = LaunchImage;
				FRAMEWORK_SEARCH_PATHS = (
					"$(inherited)",
					"$(PROJECT_DIR)",
				);
				GCC_PRECOMPILE_PREFIX_HEADER = YES;
				GCC_PREFIX_HEADER = "TaskManager/TaskManager2-Prefix.pch";
				INFOPLIST_FILE = "TaskManager/TaskManager2-Info.plist";
				PRODUCT_NAME = TaskManager2;
				WRAPPER_EXTENSION = app;
			};
			name = Release;
		};
		2EDD8C1E19BAD27900C72D9B /* Debug */ = {
			isa = XCBuildConfiguration;
			buildSettings = {
				BUNDLE_LOADER = "$(BUILT_PRODUCTS_DIR)/TaskManager.app/TaskManager";
				FRAMEWORK_SEARCH_PATHS = (
					"$(SDKROOT)/Developer/Library/Frameworks",
					"$(inherited)",
					"$(DEVELOPER_FRAMEWORKS_DIR)",
				);
				GCC_PRECOMPILE_PREFIX_HEADER = YES;
				GCC_PREFIX_HEADER = "TaskManager/TaskManager-Prefix.pch";
				GCC_PREPROCESSOR_DEFINITIONS = (
					"DEBUG=1",
					"$(inherited)",
				);
				INFOPLIST_FILE = "TaskManagerTests/TaskManager2Tests-Info.plist";
				PRODUCT_NAME = TaskManager2Tests;
				TEST_HOST = "$(BUNDLE_LOADER)";
				WRAPPER_EXTENSION = xctest;
			};
			name = Debug;
		};
		2EDD8C1F19BAD27900C72D9B /* Release */ = {
			isa = XCBuildConfiguration;
			buildSettings = {
				BUNDLE_LOADER = "$(BUILT_PRODUCTS_DIR)/TaskManager.app/TaskManager";
				FRAMEWORK_SEARCH_PATHS = (
					"$(SDKROOT)/Developer/Library/Frameworks",
					"$(inherited)",
					"$(DEVELOPER_FRAMEWORKS_DIR)",
				);
				GCC_PRECOMPILE_PREFIX_HEADER = YES;
				GCC_PREFIX_HEADER = "TaskManager/TaskManager-Prefix.pch";
				INFOPLIST_FILE = "TaskManagerTests/TaskManager2Tests-Info.plist";
				PRODUCT_NAME = TaskManager2Tests;
				TEST_HOST = "$(BUNDLE_LOADER)";
				WRAPPER_EXTENSION = xctest;
			};
			name = Release;
		};
/* End XCBuildConfiguration section */

/* Begin XCConfigurationList section */
		2EDD8BE319BAD27800C72D9B /* Build configuration list for PBXProject "TaskManager2" */ = {
			isa = XCConfigurationList;
			buildConfigurations = (
				2EDD8C1819BAD27900C72D9B /* Debug */,
				2EDD8C1919BAD27900C72D9B /* Release */,
			);
			defaultConfigurationIsVisible = 0;
			defaultConfigurationName = Release;
		};
		2EDD8C1A19BAD27900C72D9B /* Build configuration list for PBXNativeTarget "TaskManager2" */ = {
			isa = XCConfigurationList;
			buildConfigurations = (
				2EDD8C1B19BAD27900C72D9B /* Debug */,
				2EDD8C1C19BAD27900C72D9B /* Release */,
			);
			defaultConfigurationIsVisible = 0;
			defaultConfigurationName = Release;
		};
		2EDD8C1D19BAD27900C72D9B /* Build configuration list for PBXNativeTarget "TaskManager2Tests" */ = {
			isa = XCConfigurationList;
			buildConfigurations = (
				2EDD8C1E19BAD27900C72D9B /* Debug */,
				2EDD8C1F19BAD27900C72D9B /* Release */,
			);
			defaultConfigurationIsVisible = 0;
			defaultConfigurationName = Release;
		};
/* End XCConfigurationList section */

/* Begin XCVersionGroup section */
		2EDD8BFF19BAD27800C72D9B /* TaskManager.xcdatamodeld */ = {
			isa = XCVersionGroup;
			children = (
				2EDD8C0019BAD27800C72D9B /* TaskManager.xcdatamodel */,
			);
			currentVersion = 2EDD8C0019BAD27800C72D9B /* TaskManager.xcdatamodel */;
			path = TaskManager.xcdatamodeld;
			sourceTree = "<group>";
			versionGroupType = wrapper.xcdatamodel;
		};
/* End XCVersionGroup section */
	};
	rootObject = 2EDD8BE019BAD27800C72D9B /* Project object */;
}
